
Microsoft Visual Studio Solution File, Format Version 12.00
# Visual Studio 15
VisualStudioVersion = 15.0.26403.7
MinimumVisualStudioVersion = 10.0.40219.1
Project("{9A19103F-16F7-4668-BE54-9A1E7A4F7556}") = "Limpl", "Limpl.dll\Limpl.csproj", "{94D2A558-82F4-4DEB-AC50-709EED246172}"
EndProject
Project("{FAE04EC0-301F-11D3-BF4B-00C04F79EFBC}") = "Limpl.Tests", "Limpl.Tests\Limpl.Tests.csproj", "{1E3E633B-5B75-491A-83E1-B7981CC360EF}"
EndProject
Global
	GlobalSection(SolutionConfigurationPlatforms) = preSolution
		Debug|Any CPU = Debug|Any CPU
		Release|Any CPU = Release|Any CPU
	EndGlobalSection
	GlobalSection(ProjectConfigurationPlatforms) = postSolution
		{94D2A558-82F4-4DEB-AC50-709EED246172}.Debug|Any CPU.ActiveCfg = Debug|Any CPU
		{94D2A558-82F4-4DEB-AC50-709EED246172}.Debug|Any CPU.Build.0 = Debug|Any CPU
		{94D2A558-82F4-4DEB-AC50-709EED246172}.Release|Any CPU.ActiveCfg = Release|Any CPU
		{94D2A558-82F4-4DEB-AC50-709EED246172}.Release|Any CPU.Build.0 = Release|Any CPU
		{1E3E633B-5B75-491A-83E1-B7981CC360EF}.Debug|Any CPU.ActiveCfg = Debug|Any CPU
		{1E3E633B-5B75-491A-83E1-B7981CC360EF}.Debug|Any CPU.Build.0 = Debug|Any CPU
		{1E3E633B-5B75-491A-83E1-B7981CC360EF}.Release|Any CPU.ActiveCfg = Release|Any CPU
		{1E3E633B-5B75-491A-83E1-B7981CC360EF}.Release|Any CPU.Build.0 = Release|Any CPU
	EndGlobalSection
	GlobalSection(SolutionProperties) = preSolution
		HideSolutionNode = FALSE
	EndGlobalSection
EndGlobal
